
Microsoft Visual Studio Solution File, Format Version 12.00
# Visual Studio 2013
VisualStudioVersion = 12.0.30501.0
MinimumVisualStudioVersion = 10.0.40219.1
Project("{8BC9CEB8-8B4A-11D0-8D11-00A0C91BC942}") = "Demo", "Demo\Demo.vcxproj", "{5D1A7C9F-60F9-4596-9E23-33B308F34131}"
EndProject
Project("{8BC9CEB8-8B4A-11D0-8D11-00A0C91BC942}") = "observer_subject", "observer_subject\observer_subject.vcxproj", "{DAA78275-84D1-4784-A2FF-9CC862383BDC}"
EndProject
Global
	GlobalSection(SolutionConfigurationPlatforms) = preSolution
		Debug|Win32 = Debug|Win32
		Release|Win32 = Release|Win32
	EndGlobalSection
	GlobalSection(ProjectConfigurationPlatforms) = postSolution
		{5D1A7C9F-60F9-4596-9E23-33B308F34131}.Debug|Win32.ActiveCfg = Debug|Win32
		{5D1A7C9F-60F9-4596-9E23-33B308F34131}.Debug|Win32.Build.0 = Debug|Win32
		{5D1A7C9F-60F9-4596-9E23-33B308F34131}.Release|Win32.ActiveCfg = Release|Win32
		{5D1A7C9F-60F9-4596-9E23-33B308F34131}.Release|Win32.Build.0 = Release|Win32
		{DAA78275-84D1-4784-A2FF-9CC862383BDC}.Debug|Win32.ActiveCfg = Debug|Win32
		{DAA78275-84D1-4784-A2FF-9CC862383BDC}.Debug|Win32.Build.0 = Debug|Win32
		{DAA78275-84D1-4784-A2FF-9CC862383BDC}.Release|Win32.ActiveCfg = Release|Win32
		{DAA78275-84D1-4784-A2FF-9CC862383BDC}.Release|Win32.Build.0 = Release|Win32
	EndGlobalSection
	GlobalSection(SolutionProperties) = preSolution
		HideSolutionNode = FALSE
	EndGlobalSection
EndGlobal
